
Microsoft Visual Studio Solution File, Format Version 12.00
# Visual Studio Version 17
VisualStudioVersion = 17.6.33829.357
MinimumVisualStudioVersion = 10.0.40219.1
Project("{9A19103F-16F7-4668-BE54-9A1E7A4F7556}") = "piano-store", "piano-store.csproj", "{1923A606-F59D-441A-A16E-4D27B65654A0}"
EndProject
Global
	GlobalSection(SolutionConfigurationPlatforms) = preSolution
		Debug|Any CPU = Debug|Any CPU
		Release|Any CPU = Release|Any CPU
	EndGlobalSection
	GlobalSection(ProjectConfigurationPlatforms) = postSolution
		{1923A606-F59D-441A-A16E-4D27B65654A0}.Debug|Any CPU.ActiveCfg = Debug|Any CPU
		{1923A606-F59D-441A-A16E-4D27B65654A0}.Debug|Any CPU.Build.0 = Debug|Any CPU
		{1923A606-F59D-441A-A16E-4D27B65654A0}.Release|Any CPU.ActiveCfg = Release|Any CPU
		{1923A606-F59D-441A-A16E-4D27B65654A0}.Release|Any CPU.Build.0 = Release|Any CPU
	EndGlobalSection
	GlobalSection(SolutionProperties) = preSolution
		HideSolutionNode = FALSE
	EndGlobalSection
	GlobalSection(ExtensibilityGlobals) = postSolution
		SolutionGuid = {651FDDC0-3A52-45CB-9F00-B1609834B8D7}
	EndGlobalSection
EndGlobal
